// !$*UTF8*$!
{
	archiveVersion = 1;
	classes = {
	};
	objectVersion = 48;
	objects = {

/* Begin PBXBuildFile section */
		1802B55D1FCE36FB004458AC /* algeriaDataModel.m in Sources */ = {isa = PBXBuildFile; fileRef = 1802B55C1FCE36FB004458AC /* algeriaDataModel.m */; };
		1802B5621FCE3F94004458AC /* afghanistanDataModel.m in Sources */ = {isa = PBXBuildFile; fileRef = 1802B5611FCE3F94004458AC /* afghanistanDataModel.m */; };
		1806D8421FBCF1490052FA56 /* detailViewController.m in Sources */ = {isa = PBXBuildFile; fileRef = 1806D8411FBCF1490052FA56 /* detailViewController.m */; };
		1811DB491FCD9A1E00FB5533 /* visaData.m in Sources */ = {isa = PBXBuildFile; fileRef = 1811DB481FCD9A1E00FB5533 /* visaData.m */; };
		1811DB4C1FCD9A3900FB5533 /* visaDataModel.m in Sources */ = {isa = PBXBuildFile; fileRef = 1811DB4B1FCD9A3900FB5533 /* visaDataModel.m */; };
		1819F9211FD333CD00FAA28E /* argentinaDataModel.m in Sources */ = {isa = PBXBuildFile; fileRef = 1819F91F1FD333CC00FAA28E /* argentinaDataModel.m */; };
		1819F9241FD3350700FAA28E /* armeniaDataModel.m in Sources */ = {isa = PBXBuildFile; fileRef = 1819F9231FD3350700FAA28E /* armeniaDataModel.m */; };
		1819F9271FD33BD200FAA28E /* australiaDataModel.m in Sources */ = {isa = PBXBuildFile; fileRef = 1819F9261FD33BD200FAA28E /* australiaDataModel.m */; };
		1819F92A1FD41ECC00FAA28E /* austriaDataModel.m in Sources */ = {isa = PBXBuildFile; fileRef = 1819F9291FD41ECC00FAA28E /* austriaDataModel.m */; };
		182875331FCEEACC00FC4C7B /* andorraDataModel.m in Sources */ = {isa = PBXBuildFile; fileRef = 182875321FCEEACC00FC4C7B /* andorraDataModel.m */; };
		183AAA5B1FC0545B00298994 /* tabbaricons in Resources */ = {isa = PBXBuildFile; fileRef = 183AAA5A1FC0545A00298994 /* tabbaricons */; };
		1845EFBF1FBBCC8C006E9942 /* AppDelegate.m in Sources */ = {isa = PBXBuildFile; fileRef = 1845EFBE1FBBCC8C006E9942 /* AppDelegate.m */; };
		1845EFC21FBBCC8C006E9942 /* ViewController.m in Sources */ = {isa = PBXBuildFile; fileRef = 1845EFC11FBBCC8C006E9942 /* ViewController.m */; };
		1845EFC51FBBCC8C006E9942 /* Main.storyboard in Resources */ = {isa = PBXBuildFile; fileRef = 1845EFC31FBBCC8C006E9942 /* Main.storyboard */; };
		1845EFC71FBBCC8C006E9942 /* Assets.xcassets in Resources */ = {isa = PBXBuildFile; fileRef = 1845EFC61FBBCC8C006E9942 /* Assets.xcassets */; };
		1845EFCA1FBBCC8C006E9942 /* LaunchScreen.storyboard in Resources */ = {isa = PBXBuildFile; fileRef = 1845EFC81FBBCC8C006E9942 /* LaunchScreen.storyboard */; };
		1845EFCD1FBBCC8C006E9942 /* main.m in Sources */ = {isa = PBXBuildFile; fileRef = 1845EFCC1FBBCC8C006E9942 /* main.m */; };
		1845EFD71FBBCC8C006E9942 /* Visa_CheckerTests.m in Sources */ = {isa = PBXBuildFile; fileRef = 1845EFD61FBBCC8C006E9942 /* Visa_CheckerTests.m */; };
		1845EFE21FBBCC8C006E9942 /* Visa_CheckerUITests.m in Sources */ = {isa = PBXBuildFile; fileRef = 1845EFE11FBBCC8C006E9942 /* Visa_CheckerUITests.m */; };
		1850FAF81FC287C8001D3B2F /* rankTableViewController.m in Sources */ = {isa = PBXBuildFile; fileRef = 1850FAF71FC287C8001D3B2F /* rankTableViewController.m */; };
		1850FAFA1FC3CF1C001D3B2F /* appicons in Resources */ = {isa = PBXBuildFile; fileRef = 1850FAF91FC3CF1B001D3B2F /* appicons */; };
		187BC4FC1FC08B0A002C0ED0 /* passportcover in Resources */ = {isa = PBXBuildFile; fileRef = 187BC4FB1FC08B0A002C0ED0 /* passportcover */; };
		18BFFAD41FCDEACB00B55C62 /* visaDetailData.m in Sources */ = {isa = PBXBuildFile; fileRef = 18BFFAD31FCDEACB00B55C62 /* visaDetailData.m */; };
		18BFFADA1FCE272600B55C62 /* albaniaDataModel.m in Sources */ = {isa = PBXBuildFile; fileRef = 18BFFAD91FCE272600B55C62 /* albaniaDataModel.m */; };
		18C2ADEA1FD6D94300E9A53F /* settingsViewController.m in Sources */ = {isa = PBXBuildFile; fileRef = 18C2ADE91FD6D94300E9A53F /* settingsViewController.m */; };
		18C2ADED1FD6E2C400E9A53F /* historyTableTableViewController.m in Sources */ = {isa = PBXBuildFile; fileRef = 18C2ADEC1FD6E2C400E9A53F /* historyTableTableViewController.m */; };
		18C4F0661FD02CB900DA3943 /* angolaDataModel.m in Sources */ = {isa = PBXBuildFile; fileRef = 18C4F0651FD02CB900DA3943 /* angolaDataModel.m */; };
		18C4F0691FD0404E00DA3943 /* antiguaDataModel.m in Sources */ = {isa = PBXBuildFile; fileRef = 18C4F0681FD0404E00DA3943 /* antiguaDataModel.m */; };
		18D23CAD1FBE6BE80013699A /* TableViewController.m in Sources */ = {isa = PBXBuildFile; fileRef = 18D23CAC1FBE6BE80013699A /* TableViewController.m */; };
		18D23CB01FBE85A90013699A /* tableDataViewController.m in Sources */ = {isa = PBXBuildFile; fileRef = 18D23CAF1FBE85A90013699A /* tableDataViewController.m */; };
		18D23CB31FBE99B70013699A /* tableData.m in Sources */ = {isa = PBXBuildFile; fileRef = 18D23CB21FBE99B70013699A /* tableData.m */; };
		18D23CB61FBE9A550013699A /* tableDataModel.m in Sources */ = {isa = PBXBuildFile; fileRef = 18D23CB51FBE9A550013699A /* tableDataModel.m */; };
		18D23CB81FBEA7FD0013699A /* flags in Resources */ = {isa = PBXBuildFile; fileRef = 18D23CB71FBEA7FC0013699A /* flags */; };
/* End PBXBuildFile section */

/* Begin PBXContainerItemProxy section */
		1845EFD31FBBCC8C006E9942 /* PBXContainerItemProxy */ = {
			isa = PBXContainerItemProxy;
			containerPortal = 1845EFB21FBBCC8C006E9942 /* Project object */;
			proxyType = 1;
			remoteGlobalIDString = 1845EFB91FBBCC8C006E9942;
			remoteInfo = "Visa Checker";
		};
		1845EFDE1FBBCC8C006E9942 /* PBXContainerItemProxy */ = {
			isa = PBXContainerItemProxy;
			containerPortal = 1845EFB21FBBCC8C006E9942 /* Project object */;
			proxyType = 1;
			remoteGlobalIDString = 1845EFB91FBBCC8C006E9942;
			remoteInfo = "Visa Checker";
		};
/* End PBXContainerItemProxy section */

/* Begin PBXFileReference section */
		1802B55B1FCE36FB004458AC /* algeriaDataModel.h */ = {isa = PBXFileReference; lastKnownFileType = sourcecode.c.h; path = algeriaDataModel.h; sourceTree = "<group>"; };
		1802B55C1FCE36FB004458AC /* algeriaDataModel.m */ = {isa = PBXFileReference; lastKnownFileType = sourcecode.c.objc; path = algeriaDataModel.m; sourceTree = "<group>"; };
		1802B5601FCE3F94004458AC /* afghanistanDataModel.h */ = {isa = PBXFileReference; lastKnownFileType = sourcecode.c.h; path = afghanistanDataModel.h; sourceTree = "<group>"; };
		1802B5611FCE3F94004458AC /* afghanistanDataModel.m */ = {isa = PBXFileReference; lastKnownFileType = sourcecode.c.objc; path = afghanistanDataModel.m; sourceTree = "<group>"; };
		1806D8401FBCF1490052FA56 /* detailViewController.h */ = {isa = PBXFileReference; lastKnownFileType = sourcecode.c.h; path = detailViewController.h; sourceTree = "<group>"; };
		1806D8411FBCF1490052FA56 /* detailViewController.m */ = {isa = PBXFileReference; lastKnownFileType = sourcecode.c.objc; path = detailViewController.m; sourceTree = "<group>"; };
		1811DB471FCD9A1E00FB5533 /* visaData.h */ = {isa = PBXFileReference; lastKnownFileType = sourcecode.c.h; path = visaData.h; sourceTree = "<group>"; };
		1811DB481FCD9A1E00FB5533 /* visaData.m */ = {isa = PBXFileReference; lastKnownFileType = sourcecode.c.objc; path = visaData.m; sourceTree = "<group>"; };
		1811DB4A1FCD9A3900FB5533 /* visaDataModel.h */ = {isa = PBXFileReference; lastKnownFileType = sourcecode.c.h; path = visaDataModel.h; sourceTree = "<group>"; };
		1811DB4B1FCD9A3900FB5533 /* visaDataModel.m */ = {isa = PBXFileReference; lastKnownFileType = sourcecode.c.objc; path = visaDataModel.m; sourceTree = "<group>"; };
		1819F91F1FD333CC00FAA28E /* argentinaDataModel.m */ = {isa = PBXFileReference; lastKnownFileType = sourcecode.c.objc; path = argentinaDataModel.m; sourceTree = "<group>"; };
		1819F9201FD333CC00FAA28E /* argentinaDataModel.h */ = {isa = PBXFileReference; lastKnownFileType = sourcecode.c.h; path = argentinaDataModel.h; sourceTree = "<group>"; };
		1819F9221FD3350700FAA28E /* armeniaDataModel.h */ = {isa = PBXFileReference; lastKnownFileType = sourcecode.c.h; path = armeniaDataModel.h; sourceTree = "<group>"; };
		1819F9231FD3350700FAA28E /* armeniaDataModel.m */ = {isa = PBXFileReference; lastKnownFileType = sourcecode.c.objc; path = armeniaDataModel.m; sourceTree = "<group>"; };
		1819F9251FD33BD200FAA28E /* australiaDataModel.h */ = {isa = PBXFileReference; lastKnownFileType = sourcecode.c.h; path = australiaDataModel.h; sourceTree = "<group>"; };
		1819F9261FD33BD200FAA28E /* australiaDataModel.m */ = {isa = PBXFileReference; lastKnownFileType = sourcecode.c.objc; path = australiaDataModel.m; sourceTree = "<group>"; };
		1819F9281FD41ECC00FAA28E /* austriaDataModel.h */ = {isa = PBXFileReference; lastKnownFileType = sourcecode.c.h; path = austriaDataModel.h; sourceTree = "<group>"; };
		1819F9291FD41ECC00FAA28E /* austriaDataModel.m */ = {isa = PBXFileReference; lastKnownFileType = sourcecode.c.objc; path = austriaDataModel.m; sourceTree = "<group>"; };
		182875311FCEEACC00FC4C7B /* andorraDataModel.h */ = {isa = PBXFileReference; lastKnownFileType = sourcecode.c.h; path = andorraDataModel.h; sourceTree = "<group>"; };
		182875321FCEEACC00FC4C7B /* andorraDataModel.m */ = {isa = PBXFileReference; lastKnownFileType = sourcecode.c.objc; path = andorraDataModel.m; sourceTree = "<group>"; };
		183AAA5A1FC0545A00298994 /* tabbaricons */ = {isa = PBXFileReference; lastKnownFileType = folder; path = tabbaricons; sourceTree = "<group>"; };
		1845EFBA1FBBCC8C006E9942 /* Visa Checker.app */ = {isa = PBXFileReference; explicitFileType = wrapper.application; includeInIndex = 0; path = "Visa Checker.app"; sourceTree = BUILT_PRODUCTS_DIR; };
		1845EFBD1FBBCC8C006E9942 /* AppDelegate.h */ = {isa = PBXFileReference; lastKnownFileType = sourcecode.c.h; path = AppDelegate.h; sourceTree = "<group>"; };
		1845EFBE1FBBCC8C006E9942 /* AppDelegate.m */ = {isa = PBXFileReference; lastKnownFileType = sourcecode.c.objc; path = AppDelegate.m; sourceTree = "<group>"; };
		1845EFC01FBBCC8C006E9942 /* ViewController.h */ = {isa = PBXFileReference; lastKnownFileType = sourcecode.c.h; path = ViewController.h; sourceTree = "<group>"; };
		1845EFC11FBBCC8C006E9942 /* ViewController.m */ = {isa = PBXFileReference; lastKnownFileType = sourcecode.c.objc; path = ViewController.m; sourceTree = "<group>"; };
		1845EFC41FBBCC8C006E9942 /* Base */ = {isa = PBXFileReference; lastKnownFileType = file.storyboard; name = Base; path = Base.lproj/Main.storyboard; sourceTree = "<group>"; };
		1845EFC61FBBCC8C006E9942 /* Assets.xcassets */ = {isa = PBXFileReference; lastKnownFileType = folder.assetcatalog; path = Assets.xcassets; sourceTree = "<group>"; };
		1845EFC91FBBCC8C006E9942 /* Base */ = {isa = PBXFileReference; lastKnownFileType = file.storyboard; name = Base; path = Base.lproj/LaunchScreen.storyboard; sourceTree = "<group>"; };
		1845EFCB1FBBCC8C006E9942 /* Info.plist */ = {isa = PBXFileReference; lastKnownFileType = text.plist.xml; path = Info.plist; sourceTree = "<group>"; };
		1845EFCC1FBBCC8C006E9942 /* main.m */ = {isa = PBXFileReference; lastKnownFileType = sourcecode.c.objc; path = main.m; sourceTree = "<group>"; };
		1845EFD21FBBCC8C006E9942 /* Visa CheckerTests.xctest */ = {isa = PBXFileReference; explicitFileType = wrapper.cfbundle; includeInIndex = 0; path = "Visa CheckerTests.xctest"; sourceTree = BUILT_PRODUCTS_DIR; };
		1845EFD61FBBCC8C006E9942 /* Visa_CheckerTests.m */ = {isa = PBXFileReference; lastKnownFileType = sourcecode.c.objc; path = Visa_CheckerTests.m; sourceTree = "<group>"; };
		1845EFD81FBBCC8C006E9942 /* Info.plist */ = {isa = PBXFileReference; lastKnownFileType = text.plist.xml; path = Info.plist; sourceTree = "<group>"; };
		1845EFDD1FBBCC8C006E9942 /* Visa CheckerUITests.xctest */ = {isa = PBXFileReference; explicitFileType = wrapper.cfbundle; includeInIndex = 0; path = "Visa CheckerUITests.xctest"; sourceTree = BUILT_PRODUCTS_DIR; };
		1845EFE11FBBCC8C006E9942 /* Visa_CheckerUITests.m */ = {isa = PBXFileReference; lastKnownFileType = sourcecode.c.objc; path = Visa_CheckerUITests.m; sourceTree = "<group>"; };
		1845EFE31FBBCC8C006E9942 /* Info.plist */ = {isa = PBXFileReference; lastKnownFileType = text.plist.xml; path = Info.plist; sourceTree = "<group>"; };
		1850FAF61FC287C7001D3B2F /* rankTableViewController.h */ = {isa = PBXFileReference; lastKnownFileType = sourcecode.c.h; name = rankTableViewController.h; path = "/Users/apple/Documents/iOS App/Visa Checker/Visa Checker/rankTableViewController.h"; sourceTree = "<absolute>"; };
		1850FAF71FC287C8001D3B2F /* rankTableViewController.m */ = {isa = PBXFileReference; lastKnownFileType = sourcecode.c.objc; name = rankTableViewController.m; path = "/Users/apple/Documents/iOS App/Visa Checker/Visa Checker/rankTableViewController.m"; sourceTree = "<absolute>"; };
		1850FAF91FC3CF1B001D3B2F /* appicons */ = {isa = PBXFileReference; lastKnownFileType = folder; path = appicons; sourceTree = "<group>"; };
		187BC4FB1FC08B0A002C0ED0 /* passportcover */ = {isa = PBXFileReference; lastKnownFileType = folder; path = passportcover; sourceTree = "<group>"; };
		18BFFAD21FCDEACB00B55C62 /* visaDetailData.h */ = {isa = PBXFileReference; lastKnownFileType = sourcecode.c.h; path = visaDetailData.h; sourceTree = "<group>"; };
		18BFFAD31FCDEACB00B55C62 /* visaDetailData.m */ = {isa = PBXFileReference; lastKnownFileType = sourcecode.c.objc; path = visaDetailData.m; sourceTree = "<group>"; };
		18BFFAD81FCE272600B55C62 /* albaniaDataModel.h */ = {isa = PBXFileReference; lastKnownFileType = sourcecode.c.h; path = albaniaDataModel.h; sourceTree = "<group>"; };
		18BFFAD91FCE272600B55C62 /* albaniaDataModel.m */ = {isa = PBXFileReference; lastKnownFileType = sourcecode.c.objc; path = albaniaDataModel.m; sourceTree = "<group>"; };
		18C2ADE81FD6D94300E9A53F /* settingsViewController.h */ = {isa = PBXFileReference; lastKnownFileType = sourcecode.c.h; path = settingsViewController.h; sourceTree = "<group>"; };
		18C2ADE91FD6D94300E9A53F /* settingsViewController.m */ = {isa = PBXFileReference; lastKnownFileType = sourcecode.c.objc; path = settingsViewController.m; sourceTree = "<group>"; };
		18C2ADEB1FD6E2C400E9A53F /* historyTableTableViewController.h */ = {isa = PBXFileReference; lastKnownFileType = sourcecode.c.h; path = historyTableTableViewController.h; sourceTree = "<group>"; };
		18C2ADEC1FD6E2C400E9A53F /* historyTableTableViewController.m */ = {isa = PBXFileReference; lastKnownFileType = sourcecode.c.objc; path = historyTableTableViewController.m; sourceTree = "<group>"; };
		18C4F0641FD02CB900DA3943 /* angolaDataModel.h */ = {isa = PBXFileReference; lastKnownFileType = sourcecode.c.h; path = angolaDataModel.h; sourceTree = "<group>"; };
		18C4F0651FD02CB900DA3943 /* angolaDataModel.m */ = {isa = PBXFileReference; lastKnownFileType = sourcecode.c.objc; path = angolaDataModel.m; sourceTree = "<group>"; };
		18C4F0671FD0404E00DA3943 /* antiguaDataModel.h */ = {isa = PBXFileReference; lastKnownFileType = sourcecode.c.h; path = antiguaDataModel.h; sourceTree = "<group>"; };
		18C4F0681FD0404E00DA3943 /* antiguaDataModel.m */ = {isa = PBXFileReference; lastKnownFileType = sourcecode.c.objc; path = antiguaDataModel.m; sourceTree = "<group>"; };
		18D23CAB1FBE6BE80013699A /* TableViewController.h */ = {isa = PBXFileReference; lastKnownFileType = sourcecode.c.h; path = TableViewController.h; sourceTree = "<group>"; };
		18D23CAC1FBE6BE80013699A /* TableViewController.m */ = {isa = PBXFileReference; lastKnownFileType = sourcecode.c.objc; path = TableViewController.m; sourceTree = "<group>"; };
		18D23CAE1FBE85A90013699A /* tableDataViewController.h */ = {isa = PBXFileReference; lastKnownFileType = sourcecode.c.h; path = tableDataViewController.h; sourceTree = "<group>"; };
		18D23CAF1FBE85A90013699A /* tableDataViewController.m */ = {isa = PBXFileReference; lastKnownFileType = sourcecode.c.objc; path = tableDataViewController.m; sourceTree = "<group>"; };
		18D23CB11FBE99B70013699A /* tableData.h */ = {isa = PBXFileReference; lastKnownFileType = sourcecode.c.h; path = tableData.h; sourceTree = "<group>"; };
		18D23CB21FBE99B70013699A /* tableData.m */ = {isa = PBXFileReference; lastKnownFileType = sourcecode.c.objc; path = tableData.m; sourceTree = "<group>"; };
		18D23CB41FBE9A550013699A /* tableDataModel.h */ = {isa = PBXFileReference; lastKnownFileType = sourcecode.c.h; path = tableDataModel.h; sourceTree = "<group>"; };
		18D23CB51FBE9A550013699A /* tableDataModel.m */ = {isa = PBXFileReference; lastKnownFileType = sourcecode.c.objc; path = tableDataModel.m; sourceTree = "<group>"; };
		18D23CB71FBEA7FC0013699A /* flags */ = {isa = PBXFileReference; lastKnownFileType = folder; path = flags; sourceTree = "<group>"; };
/* End PBXFileReference section */

/* Begin PBXFrameworksBuildPhase section */
		1845EFB71FBBCC8C006E9942 /* Frameworks */ = {
			isa = PBXFrameworksBuildPhase;
			buildActionMask = 2147483647;
			files = (
			);
			runOnlyForDeploymentPostprocessing = 0;
		};
		1845EFCF1FBBCC8C006E9942 /* Frameworks */ = {
			isa = PBXFrameworksBuildPhase;
			buildActionMask = 2147483647;
			files = (
			);
			runOnlyForDeploymentPostprocessing = 0;
		};
		1845EFDA1FBBCC8C006E9942 /* Frameworks */ = {
			isa = PBXFrameworksBuildPhase;
			buildActionMask = 2147483647;
			files = (
			);
			runOnlyForDeploymentPostprocessing = 0;
		};
/* End PBXFrameworksBuildPhase section */

/* Begin PBXGroup section */
		1845EFB11FBBCC8C006E9942 = {
			isa = PBXGroup;
			children = (
				1845EFBC1FBBCC8C006E9942 /* Visa Checker */,
				1845EFD51FBBCC8C006E9942 /* Visa CheckerTests */,
				1845EFE01FBBCC8C006E9942 /* Visa CheckerUITests */,
				1845EFBB1FBBCC8C006E9942 /* Products */,
			);
			sourceTree = "<group>";
		};
		1845EFBB1FBBCC8C006E9942 /* Products */ = {
			isa = PBXGroup;
			children = (
				1845EFBA1FBBCC8C006E9942 /* Visa Checker.app */,
				1845EFD21FBBCC8C006E9942 /* Visa CheckerTests.xctest */,
				1845EFDD1FBBCC8C006E9942 /* Visa CheckerUITests.xctest */,
			);
			name = Products;
			sourceTree = "<group>";
		};
		1845EFBC1FBBCC8C006E9942 /* Visa Checker */ = {
			isa = PBXGroup;
			children = (
				1850FAF91FC3CF1B001D3B2F /* appicons */,
				1802B5601FCE3F94004458AC /* afghanistanDataModel.h */,
				1802B5611FCE3F94004458AC /* afghanistanDataModel.m */,
				1850FAF61FC287C7001D3B2F /* rankTableViewController.h */,
				1850FAF71FC287C8001D3B2F /* rankTableViewController.m */,
				18BFFAD81FCE272600B55C62 /* albaniaDataModel.h */,
				18BFFAD91FCE272600B55C62 /* albaniaDataModel.m */,
				1802B55B1FCE36FB004458AC /* algeriaDataModel.h */,
				1802B55C1FCE36FB004458AC /* algeriaDataModel.m */,
				182875311FCEEACC00FC4C7B /* andorraDataModel.h */,
				182875321FCEEACC00FC4C7B /* andorraDataModel.m */,
				18C4F0641FD02CB900DA3943 /* angolaDataModel.h */,
				18C4F0651FD02CB900DA3943 /* angolaDataModel.m */,
				18C4F0671FD0404E00DA3943 /* antiguaDataModel.h */,
				18C4F0681FD0404E00DA3943 /* antiguaDataModel.m */,
				1819F9201FD333CC00FAA28E /* argentinaDataModel.h */,
				1819F91F1FD333CC00FAA28E /* argentinaDataModel.m */,
				1819F9221FD3350700FAA28E /* armeniaDataModel.h */,
				1819F9231FD3350700FAA28E /* armeniaDataModel.m */,
				1819F9251FD33BD200FAA28E /* australiaDataModel.h */,
				1819F9261FD33BD200FAA28E /* australiaDataModel.m */,
				1819F9281FD41ECC00FAA28E /* austriaDataModel.h */,
				1819F9291FD41ECC00FAA28E /* austriaDataModel.m */,
				18BFFAD21FCDEACB00B55C62 /* visaDetailData.h */,
				18BFFAD31FCDEACB00B55C62 /* visaDetailData.m */,
				18D23CB71FBEA7FC0013699A /* flags */,
				1845EFBD1FBBCC8C006E9942 /* AppDelegate.h */,
				1845EFBE1FBBCC8C006E9942 /* AppDelegate.m */,
				1845EFC01FBBCC8C006E9942 /* ViewController.h */,
				1845EFC11FBBCC8C006E9942 /* ViewController.m */,
				1806D8401FBCF1490052FA56 /* detailViewController.h */,
				1806D8411FBCF1490052FA56 /* detailViewController.m */,
				1845EFC31FBBCC8C006E9942 /* Main.storyboard */,
				18C2ADEB1FD6E2C400E9A53F /* historyTableTableViewController.h */,
				18C2ADEC1FD6E2C400E9A53F /* historyTableTableViewController.m */,
				18C2ADE81FD6D94300E9A53F /* settingsViewController.h */,
				18C2ADE91FD6D94300E9A53F /* settingsViewController.m */,
				1811DB4A1FCD9A3900FB5533 /* visaDataModel.h */,
				1811DB4B1FCD9A3900FB5533 /* visaDataModel.m */,
				1811DB471FCD9A1E00FB5533 /* visaData.h */,
				1811DB481FCD9A1E00FB5533 /* visaData.m */,
				18D23CAE1FBE85A90013699A /* tableDataViewController.h */,
				18D23CAF1FBE85A90013699A /* tableDataViewController.m */,
				18D23CAB1FBE6BE80013699A /* TableViewController.h */,
				18D23CAC1FBE6BE80013699A /* TableViewController.m */,
				18D23CB11FBE99B70013699A /* tableData.h */,
				18D23CB21FBE99B70013699A /* tableData.m */,
				18D23CB41FBE9A550013699A /* tableDataModel.h */,
				18D23CB51FBE9A550013699A /* tableDataModel.m */,
				187BC4FB1FC08B0A002C0ED0 /* passportcover */,
				183AAA5A1FC0545A00298994 /* tabbaricons */,
				1845EFC61FBBCC8C006E9942 /* Assets.xcassets */,
				1845EFC81FBBCC8C006E9942 /* LaunchScreen.storyboard */,
				1845EFCB1FBBCC8C006E9942 /* Info.plist */,
				1845EFCC1FBBCC8C006E9942 /* main.m */,
			);
			path = "Visa Checker";
			sourceTree = "<group>";
		};
		1845EFD51FBBCC8C006E9942 /* Visa CheckerTests */ = {
			isa = PBXGroup;
			children = (
				1845EFD61FBBCC8C006E9942 /* Visa_CheckerTests.m */,
				1845EFD81FBBCC8C006E9942 /* Info.plist */,
			);
			path = "Visa CheckerTests";
			sourceTree = "<group>";
		};
		1845EFE01FBBCC8C006E9942 /* Visa CheckerUITests */ = {
			isa = PBXGroup;
			children = (
				1845EFE11FBBCC8C006E9942 /* Visa_CheckerUITests.m */,
				1845EFE31FBBCC8C006E9942 /* Info.plist */,
			);
			path = "Visa CheckerUITests";
			sourceTree = "<group>";
		};
/* End PBXGroup section */

/* Begin PBXNativeTarget section */
		1845EFB91FBBCC8C006E9942 /* Visa Checker */ = {
			isa = PBXNativeTarget;
			buildConfigurationList = 1845EFE61FBBCC8C006E9942 /* Build configuration list for PBXNativeTarget "Visa Checker" */;
			buildPhases = (
				1845EFB61FBBCC8C006E9942 /* Sources */,
				1845EFB71FBBCC8C006E9942 /* Frameworks */,
				1845EFB81FBBCC8C006E9942 /* Resources */,
			);
			buildRules = (
			);
			dependencies = (
			);
			name = "Visa Checker";
			productName = "Visa Checker";
			productReference = 1845EFBA1FBBCC8C006E9942 /* Visa Checker.app */;
			productType = "com.apple.product-type.application";
		};
		1845EFD11FBBCC8C006E9942 /* Visa CheckerTests */ = {
			isa = PBXNativeTarget;
			buildConfigurationList = 1845EFE91FBBCC8C006E9942 /* Build configuration list for PBXNativeTarget "Visa CheckerTests" */;
			buildPhases = (
				1845EFCE1FBBCC8C006E9942 /* Sources */,
				1845EFCF1FBBCC8C006E9942 /* Frameworks */,
				1845EFD01FBBCC8C006E9942 /* Resources */,
			);
			buildRules = (
			);
			dependencies = (
				1845EFD41FBBCC8C006E9942 /* PBXTargetDependency */,
			);
			name = "Visa CheckerTests";
			productName = "Visa CheckerTests";
			productReference = 1845EFD21FBBCC8C006E9942 /* Visa CheckerTests.xctest */;
			productType = "com.apple.product-type.bundle.unit-test";
		};
		1845EFDC1FBBCC8C006E9942 /* Visa CheckerUITests */ = {
			isa = PBXNativeTarget;
			buildConfigurationList = 1845EFEC1FBBCC8C006E9942 /* Build configuration list for PBXNativeTarget "Visa CheckerUITests" */;
			buildPhases = (
				1845EFD91FBBCC8C006E9942 /* Sources */,
				1845EFDA1FBBCC8C006E9942 /* Frameworks */,
				1845EFDB1FBBCC8C006E9942 /* Resources */,
			);
			buildRules = (
			);
			dependencies = (
				1845EFDF1FBBCC8C006E9942 /* PBXTargetDependency */,
			);
			name = "Visa CheckerUITests";
			productName = "Visa CheckerUITests";
			productReference = 1845EFDD1FBBCC8C006E9942 /* Visa CheckerUITests.xctest */;
			productType = "com.apple.product-type.bundle.ui-testing";
		};
/* End PBXNativeTarget section */

/* Begin PBXProject section */
		1845EFB21FBBCC8C006E9942 /* Project object */ = {
			isa = PBXProject;
			attributes = {
				LastUpgradeCheck = 0910;
				ORGANIZATIONNAME = "Nixon Pang";
				TargetAttributes = {
					1845EFB91FBBCC8C006E9942 = {
						CreatedOnToolsVersion = 9.1;
						ProvisioningStyle = Automatic;
					};
					1845EFD11FBBCC8C006E9942 = {
						CreatedOnToolsVersion = 9.1;
						ProvisioningStyle = Automatic;
						TestTargetID = 1845EFB91FBBCC8C006E9942;
					};
					1845EFDC1FBBCC8C006E9942 = {
						CreatedOnToolsVersion = 9.1;
						ProvisioningStyle = Automatic;
						TestTargetID = 1845EFB91FBBCC8C006E9942;
					};
				};
			};
			buildConfigurationList = 1845EFB51FBBCC8C006E9942 /* Build configuration list for PBXProject "Visa Checker" */;
			compatibilityVersion = "Xcode 8.0";
			developmentRegion = en;
			hasScannedForEncodings = 0;
			knownRegions = (
				en,
				Base,
			);
			mainGroup = 1845EFB11FBBCC8C006E9942;
			productRefGroup = 1845EFBB1FBBCC8C006E9942 /* Products */;
			projectDirPath = "";
			projectRoot = "";
			targets = (
				1845EFB91FBBCC8C006E9942 /* Visa Checker */,
				1845EFD11FBBCC8C006E9942 /* Visa CheckerTests */,
				1845EFDC1FBBCC8C006E9942 /* Visa CheckerUITests */,
			);
		};
/* End PBXProject section */

/* Begin PBXResourcesBuildPhase section */
		1845EFB81FBBCC8C006E9942 /* Resources */ = {
			isa = PBXResourcesBuildPhase;
			buildActionMask = 2147483647;
			files = (
				1845EFCA1FBBCC8C006E9942 /* LaunchScreen.storyboard in Resources */,
				1845EFC71FBBCC8C006E9942 /* Assets.xcassets in Resources */,
				1850FAFA1FC3CF1C001D3B2F /* appicons in Resources */,
				187BC4FC1FC08B0A002C0ED0 /* passportcover in Resources */,
				183AAA5B1FC0545B00298994 /* tabbaricons in Resources */,
				18D23CB81FBEA7FD0013699A /* flags in Resources */,
				1845EFC51FBBCC8C006E9942 /* Main.storyboard in Resources */,
			);
			runOnlyForDeploymentPostprocessing = 0;
		};
		1845EFD01FBBCC8C006E9942 /* Resources */ = {
			isa = PBXResourcesBuildPhase;
			buildActionMask = 2147483647;
			files = (
			);
			runOnlyForDeploymentPostprocessing = 0;
		};
		1845EFDB1FBBCC8C006E9942 /* Resources */ = {
			isa = PBXResourcesBuildPhase;
			buildActionMask = 2147483647;
			files = (
			);
			runOnlyForDeploymentPostprocessing = 0;
		};
/* End PBXResourcesBuildPhase section */

/* Begin PBXSourcesBuildPhase section */
		1845EFB61FBBCC8C006E9942 /* Sources */ = {
			isa = PBXSourcesBuildPhase;
			buildActionMask = 2147483647;
			files = (
				18D23CB31FBE99B70013699A /* tableData.m in Sources */,
				18C4F0661FD02CB900DA3943 /* angolaDataModel.m in Sources */,
				1850FAF81FC287C8001D3B2F /* rankTableViewController.m in Sources */,
				18D23CB61FBE9A550013699A /* tableDataModel.m in Sources */,
				18C2ADEA1FD6D94300E9A53F /* settingsViewController.m in Sources */,
				1811DB4C1FCD9A3900FB5533 /* visaDataModel.m in Sources */,
				18D23CAD1FBE6BE80013699A /* TableViewController.m in Sources */,
				1845EFC21FBBCC8C006E9942 /* ViewController.m in Sources */,
				1819F9271FD33BD200FAA28E /* australiaDataModel.m in Sources */,
				1819F9211FD333CD00FAA28E /* argentinaDataModel.m in Sources */,
				1802B55D1FCE36FB004458AC /* algeriaDataModel.m in Sources */,
				1819F9241FD3350700FAA28E /* armeniaDataModel.m in Sources */,
				1845EFCD1FBBCC8C006E9942 /* main.m in Sources */,
				18BFFAD41FCDEACB00B55C62 /* visaDetailData.m in Sources */,
				1845EFBF1FBBCC8C006E9942 /* AppDelegate.m in Sources */,
				18C2ADED1FD6E2C400E9A53F /* historyTableTableViewController.m in Sources */,
				18C4F0691FD0404E00DA3943 /* antiguaDataModel.m in Sources */,
				18BFFADA1FCE272600B55C62 /* albaniaDataModel.m in Sources */,
				1802B5621FCE3F94004458AC /* afghanistanDataModel.m in Sources */,
				18D23CB01FBE85A90013699A /* tableDataViewController.m in Sources */,
				1806D8421FBCF1490052FA56 /* detailViewController.m in Sources */,
				1819F92A1FD41ECC00FAA28E /* austriaDataModel.m in Sources */,
				1811DB491FCD9A1E00FB5533 /* visaData.m in Sources */,
				182875331FCEEACC00FC4C7B /* andorraDataModel.m in Sources */,
			);
			runOnlyForDeploymentPostprocessing = 0;
		};
		1845EFCE1FBBCC8C006E9942 /* Sources */ = {
			isa = PBXSourcesBuildPhase;
			buildActionMask = 2147483647;
			files = (
				1845EFD71FBBCC8C006E9942 /* Visa_CheckerTests.m in Sources */,
			);
			runOnlyForDeploymentPostprocessing = 0;
		};
		1845EFD91FBBCC8C006E9942 /* Sources */ = {
			isa = PBXSourcesBuildPhase;
			buildActionMask = 2147483647;
			files = (
				1845EFE21FBBCC8C006E9942 /* Visa_CheckerUITests.m in Sources */,
			);
			runOnlyForDeploymentPostprocessing = 0;
		};
/* End PBXSourcesBuildPhase section */

/* Begin PBXTargetDependency section */
		1845EFD41FBBCC8C006E9942 /* PBXTargetDependency */ = {
			isa = PBXTargetDependency;
			target = 1845EFB91FBBCC8C006E9942 /* Visa Checker */;
			targetProxy = 1845EFD31FBBCC8C006E9942 /* PBXContainerItemProxy */;
		};
		1845EFDF1FBBCC8C006E9942 /* PBXTargetDependency */ = {
			isa = PBXTargetDependency;
			target = 1845EFB91FBBCC8C006E9942 /* Visa Checker */;
			targetProxy = 1845EFDE1FBBCC8C006E9942 /* PBXContainerItemProxy */;
		};
/* End PBXTargetDependency section */

/* Begin PBXVariantGroup section */
		1845EFC31FBBCC8C006E9942 /* Main.storyboard */ = {
			isa = PBXVariantGroup;
			children = (
				1845EFC41FBBCC8C006E9942 /* Base */,
			);
			name = Main.storyboard;
			sourceTree = "<group>";
		};
		1845EFC81FBBCC8C006E9942 /* LaunchScreen.storyboard */ = {
			isa = PBXVariantGroup;
			children = (
				1845EFC91FBBCC8C006E9942 /* Base */,
			);
			name = LaunchScreen.storyboard;
			sourceTree = "<group>";
		};
/* End PBXVariantGroup section */

/* Begin XCBuildConfiguration section */
		1845EFE41FBBCC8C006E9942 /* Debug */ = {
			isa = XCBuildConfiguration;
			buildSettings = {
				ALWAYS_SEARCH_USER_PATHS = NO;
				CLANG_ANALYZER_NONNULL = YES;
				CLANG_ANALYZER_NUMBER_OBJECT_CONVERSION = YES_AGGRESSIVE;
				CLANG_CXX_LANGUAGE_STANDARD = "gnu++14";
				CLANG_CXX_LIBRARY = "libc++";
				CLANG_ENABLE_MODULES = YES;
				CLANG_ENABLE_OBJC_ARC = YES;
				CLANG_WARN_BLOCK_CAPTURE_AUTORELEASING = YES;
				CLANG_WARN_BOOL_CONVERSION = YES;
				CLANG_WARN_COMMA = YES;
				CLANG_WARN_CONSTANT_CONVERSION = YES;
				CLANG_WARN_DIRECT_OBJC_ISA_USAGE = YES_ERROR;
				CLANG_WARN_DOCUMENTATION_COMMENTS = YES;
				CLANG_WARN_EMPTY_BODY = YES;
				CLANG_WARN_ENUM_CONVERSION = YES;
				CLANG_WARN_INFINITE_RECURSION = YES;
				CLANG_WARN_INT_CONVERSION = YES;
				CLANG_WARN_NON_LITERAL_NULL_CONVERSION = YES;
				CLANG_WARN_OBJC_LITERAL_CONVERSION = YES;
				CLANG_WARN_OBJC_ROOT_CLASS = YES_ERROR;
				CLANG_WARN_RANGE_LOOP_ANALYSIS = YES;
				CLANG_WARN_STRICT_PROTOTYPES = YES;
				CLANG_WARN_SUSPICIOUS_MOVE = YES;
				CLANG_WARN_UNGUARDED_AVAILABILITY = YES_AGGRESSIVE;
				CLANG_WARN_UNREACHABLE_CODE = YES;
				CLANG_WARN__DUPLICATE_METHOD_MATCH = YES;
				CODE_SIGN_IDENTITY = "iPhone Developer";
				COPY_PHASE_STRIP = NO;
				DEBUG_INFORMATION_FORMAT = dwarf;
				ENABLE_STRICT_OBJC_MSGSEND = YES;
				ENABLE_TESTABILITY = YES;
				GCC_C_LANGUAGE_STANDARD = gnu11;
				GCC_DYNAMIC_NO_PIC = NO;
				GCC_NO_COMMON_BLOCKS = YES;
				GCC_OPTIMIZATION_LEVEL = 0;
				GCC_PREPROCESSOR_DEFINITIONS = (
					"DEBUG=1",
					"$(inherited)",
				);
				GCC_WARN_64_TO_32_BIT_CONVERSION = YES;
				GCC_WARN_ABOUT_RETURN_TYPE = YES_ERROR;
				GCC_WARN_UNDECLARED_SELECTOR = YES;
				GCC_WARN_UNINITIALIZED_AUTOS = YES_AGGRESSIVE;
				GCC_WARN_UNUSED_FUNCTION = YES;
				GCC_WARN_UNUSED_VARIABLE = YES;
				IPHONEOS_DEPLOYMENT_TARGET = 11.1;
				MTL_ENABLE_DEBUG_INFO = YES;
				ONLY_ACTIVE_ARCH = YES;
				SDKROOT = iphoneos;
			};
			name = Debug;
		};
		1845EFE51FBBCC8C006E9942 /* Release */ = {
			isa = XCBuildConfiguration;
			buildSettings = {
				ALWAYS_SEARCH_USER_PATHS = NO;
				CLANG_ANALYZER_NONNULL = YES;
				CLANG_ANALYZER_NUMBER_OBJECT_CONVERSION = YES_AGGRESSIVE;
				CLANG_CXX_LANGUAGE_STANDARD = "gnu++14";
				CLANG_CXX_LIBRARY = "libc++";
				CLANG_ENABLE_MODULES = YES;
				CLANG_ENABLE_OBJC_ARC = YES;
				CLANG_WARN_BLOCK_CAPTURE_AUTORELEASING = YES;
				CLANG_WARN_BOOL_CONVERSION = YES;
				CLANG_WARN_COMMA = YES;
				CLANG_WARN_CONSTANT_CONVERSION = YES;
				CLANG_WARN_DIRECT_OBJC_ISA_USAGE = YES_ERROR;
				CLANG_WARN_DOCUMENTATION_COMMENTS = YES;
				CLANG_WARN_EMPTY_BODY = YES;
				CLANG_WARN_ENUM_CONVERSION = YES;
				CLANG_WARN_INFINITE_RECURSION = YES;
				CLANG_WARN_INT_CONVERSION = YES;
				CLANG_WARN_NON_LITERAL_NULL_CONVERSION = YES;
				CLANG_WARN_OBJC_LITERAL_CONVERSION = YES;
				CLANG_WARN_OBJC_ROOT_CLASS = YES_ERROR;
				CLANG_WARN_RANGE_LOOP_ANALYSIS = YES;
				CLANG_WARN_STRICT_PROTOTYPES = YES;
				CLANG_WARN_SUSPICIOUS_MOVE = YES;
				CLANG_WARN_UNGUARDED_AVAILABILITY = YES_AGGRESSIVE;
				CLANG_WARN_UNREACHABLE_CODE = YES;
				CLANG_WARN__DUPLICATE_METHOD_MATCH = YES;
				CODE_SIGN_IDENTITY = "iPhone Developer";
				COPY_PHASE_STRIP = NO;
				DEBUG_INFORMATION_FORMAT = "dwarf-with-dsym";
				ENABLE_NS_ASSERTIONS = NO;
				ENABLE_STRICT_OBJC_MSGSEND = YES;
				GCC_C_LANGUAGE_STANDARD = gnu11;
				GCC_NO_COMMON_BLOCKS = YES;
				GCC_WARN_64_TO_32_BIT_CONVERSION = YES;
				GCC_WARN_ABOUT_RETURN_TYPE = YES_ERROR;
				GCC_WARN_UNDECLARED_SELECTOR = YES;
				GCC_WARN_UNINITIALIZED_AUTOS = YES_AGGRESSIVE;
				GCC_WARN_UNUSED_FUNCTION = YES;
				GCC_WARN_UNUSED_VARIABLE = YES;
				IPHONEOS_DEPLOYMENT_TARGET = 11.1;
				MTL_ENABLE_DEBUG_INFO = NO;
				SDKROOT = iphoneos;
				VALIDATE_PRODUCT = YES;
			};
			name = Release;
		};
		1845EFE71FBBCC8C006E9942 /* Debug */ = {
			isa = XCBuildConfiguration;
			buildSettings = {
				ASSETCATALOG_COMPILER_APPICON_NAME = AppIcon;
				CODE_SIGN_STYLE = Automatic;
				DEVELOPMENT_TEAM = RVS7T5ACZ2;
				INFOPLIST_FILE = "Visa Checker/Info.plist";
				IPHONEOS_DEPLOYMENT_TARGET = 11.2;
				LD_RUNPATH_SEARCH_PATHS = "$(inherited) @executable_path/Frameworks";
				PRODUCT_BUNDLE_IDENTIFIER = "uk.ac.leeds.el16cnp.Visa-Checker";
				PRODUCT_NAME = "$(TARGET_NAME)";
				TARGETED_DEVICE_FAMILY = "1,2";
			};
			name = Debug;
		};
		1845EFE81FBBCC8C006E9942 /* Release */ = {
			isa = XCBuildConfiguration;
			buildSettings = {
				ASSETCATALOG_COMPILER_APPICON_NAME = AppIcon;
				CODE_SIGN_STYLE = Automatic;
				DEVELOPMENT_TEAM = RVS7T5ACZ2;
				INFOPLIST_FILE = "Visa Checker/Info.plist";
				IPHONEOS_DEPLOYMENT_TARGET = 11.2;
				LD_RUNPATH_SEARCH_PATHS = "$(inherited) @executable_path/Frameworks";
				PRODUCT_BUNDLE_IDENTIFIER = "uk.ac.leeds.el16cnp.Visa-Checker";
				PRODUCT_NAME = "$(TARGET_NAME)";
				TARGETED_DEVICE_FAMILY = "1,2";
			};
			name = Release;
		};
		1845EFEA1FBBCC8C006E9942 /* Debug */ = {
			isa = XCBuildConfiguration;
			buildSettings = {
				BUNDLE_LOADER = "$(TEST_HOST)";
				CODE_SIGN_STYLE = Automatic;
				INFOPLIST_FILE = "Visa CheckerTests/Info.plist";
				LD_RUNPATH_SEARCH_PATHS = "$(inherited) @executable_path/Frameworks @loader_path/Frameworks";
				PRODUCT_BUNDLE_IDENTIFIER = "uk.ac.leeds.el16cnp.Visa-CheckerTests";
				PRODUCT_NAME = "$(TARGET_NAME)";
				TARGETED_DEVICE_FAMILY = "1,2";
				TEST_HOST = "$(BUILT_PRODUCTS_DIR)/Visa Checker.app/Visa Checker";
			};
			name = Debug;
		};
		1845EFEB1FBBCC8C006E9942 /* Release */ = {
			isa = XCBuildConfiguration;
			buildSettings = {
				BUNDLE_LOADER = "$(TEST_HOST)";
				CODE_SIGN_STYLE = Automatic;
				INFOPLIST_FILE = "Visa CheckerTests/Info.plist";
				LD_RUNPATH_SEARCH_PATHS = "$(inherited) @executable_path/Frameworks @loader_path/Frameworks";
				PRODUCT_BUNDLE_IDENTIFIER = "uk.ac.leeds.el16cnp.Visa-CheckerTests";
				PRODUCT_NAME = "$(TARGET_NAME)";
				TARGETED_DEVICE_FAMILY = "1,2";
				TEST_HOST = "$(BUILT_PRODUCTS_DIR)/Visa Checker.app/Visa Checker";
			};
			name = Release;
		};
		1845EFED1FBBCC8C006E9942 /* Debug */ = {
			isa = XCBuildConfiguration;
			buildSettings = {
				CODE_SIGN_STYLE = Automatic;
				INFOPLIST_FILE = "Visa CheckerUITests/Info.plist";
				LD_RUNPATH_SEARCH_PATHS = "$(inherited) @executable_path/Frameworks @loader_path/Frameworks";
				PRODUCT_BUNDLE_IDENTIFIER = "uk.ac.leeds.el16cnp.Visa-CheckerUITests";
				PRODUCT_NAME = "$(TARGET_NAME)";
				TARGETED_DEVICE_FAMILY = "1,2";
				TEST_TARGET_NAME = "Visa Checker";
			};
			name = Debug;
		};
		1845EFEE1FBBCC8C006E9942 /* Release */ = {
			isa = XCBuildConfiguration;
			buildSettings = {
				CODE_SIGN_STYLE = Automatic;
				INFOPLIST_FILE = "Visa CheckerUITests/Info.plist";
				LD_RUNPATH_SEARCH_PATHS = "$(inherited) @executable_path/Frameworks @loader_path/Frameworks";
				PRODUCT_BUNDLE_IDENTIFIER = "uk.ac.leeds.el16cnp.Visa-CheckerUITests";
				PRODUCT_NAME = "$(TARGET_NAME)";
				TARGETED_DEVICE_FAMILY = "1,2";
				TEST_TARGET_NAME = "Visa Checker";
			};
			name = Release;
		};
/* End XCBuildConfiguration section */

/* Begin XCConfigurationList section */
		1845EFB51FBBCC8C006E9942 /* Build configuration list for PBXProject "Visa Checker" */ = {
			isa = XCConfigurationList;
			buildConfigurations = (
				1845EFE41FBBCC8C006E9942 /* Debug */,
				1845EFE51FBBCC8C006E9942 /* Release */,
			);
			defaultConfigurationIsVisible = 0;
			defaultConfigurationName = Release;
		};
		1845EFE61FBBCC8C006E9942 /* Build configuration list for PBXNativeTarget "Visa Checker" */ = {
			isa = XCConfigurationList;
			buildConfigurations = (
				1845EFE71FBBCC8C006E9942 /* Debug */,
				1845EFE81FBBCC8C006E9942 /* Release */,
			);
			defaultConfigurationIsVisible = 0;
			defaultConfigurationName = Release;
		};
		1845EFE91FBBCC8C006E9942 /* Build configuration list for PBXNativeTarget "Visa CheckerTests" */ = {
			isa = XCConfigurationList;
			buildConfigurations = (
				1845EFEA1FBBCC8C006E9942 /* Debug */,
				1845EFEB1FBBCC8C006E9942 /* Release */,
			);
			defaultConfigurationIsVisible = 0;
			defaultConfigurationName = Release;
		};
		1845EFEC1FBBCC8C006E9942 /* Build configuration list for PBXNativeTarget "Visa CheckerUITests" */ = {
			isa = XCConfigurationList;
			buildConfigurations = (
				1845EFED1FBBCC8C006E9942 /* Debug */,
				1845EFEE1FBBCC8C006E9942 /* Release */,
			);
			defaultConfigurationIsVisible = 0;
			defaultConfigurationName = Release;
		};
/* End XCConfigurationList section */
	};
	rootObject = 1845EFB21FBBCC8C006E9942 /* Project object */;
}
